
Microsoft Visual Studio Solution File, Format Version 12.00
# Visual Studio Version 16
VisualStudioVersion = 16.0.28803.202
MinimumVisualStudioVersion = 10.0.40219.1
Project("{FAE04EC0-301F-11D3-BF4B-00C04F79EFBC}") = "JobResume", "JobResume\JobResume.csproj", "{3597A4D5-9CF2-4640-BAB2-DEB1E3591502}"
EndProject
Global
	GlobalSection(SolutionConfigurationPlatforms) = preSolution
		Debug|Any CPU = Debug|Any CPU
		Release|Any CPU = Release|Any CPU
	EndGlobalSection
	GlobalSection(ProjectConfigurationPlatforms) = postSolution
		{3597A4D5-9CF2-4640-BAB2-DEB1E3591502}.Debug|Any CPU.ActiveCfg = Debug|Any CPU
		{3597A4D5-9CF2-4640-BAB2-DEB1E3591502}.Debug|Any CPU.Build.0 = Debug|Any CPU
		{3597A4D5-9CF2-4640-BAB2-DEB1E3591502}.Release|Any CPU.ActiveCfg = Release|Any CPU
		{3597A4D5-9CF2-4640-BAB2-DEB1E3591502}.Release|Any CPU.Build.0 = Release|Any CPU
	EndGlobalSection
	GlobalSection(SolutionProperties) = preSolution
		HideSolutionNode = FALSE
	EndGlobalSection
	GlobalSection(ExtensibilityGlobals) = postSolution
		SolutionGuid = {ED042D6F-B4BE-4A5A-8BF1-4501AA00CAD0}
	EndGlobalSection
EndGlobal
